// !$*UTF8*$!
{
	archiveVersion = 1;
	classes = {
	};
	objectVersion = 50;
	objects = {

/* Begin PBXBuildFile section */
		4E2C6C1121067B5D008B9ECA /* AppDelegate.swift in Sources */ = {isa = PBXBuildFile; fileRef = 4E2C6C1021067B5D008B9ECA /* AppDelegate.swift */; };
		4E2C6C1321067B5D008B9ECA /* TravelLocationsMap.swift in Sources */ = {isa = PBXBuildFile; fileRef = 4E2C6C1221067B5D008B9ECA /* TravelLocationsMap.swift */; };
		4E2C6C1621067B5D008B9ECA /* Main.storyboard in Resources */ = {isa = PBXBuildFile; fileRef = 4E2C6C1421067B5D008B9ECA /* Main.storyboard */; };
		4E2C6C1921067B5D008B9ECA /* Virtual_Tourist.xcdatamodeld in Sources */ = {isa = PBXBuildFile; fileRef = 4E2C6C1721067B5D008B9ECA /* Virtual_Tourist.xcdatamodeld */; };
		4E2C6C1B21067B5F008B9ECA /* Assets.xcassets in Resources */ = {isa = PBXBuildFile; fileRef = 4E2C6C1A21067B5F008B9ECA /* Assets.xcassets */; };
		4E2C6C1E21067B5F008B9ECA /* LaunchScreen.storyboard in Resources */ = {isa = PBXBuildFile; fileRef = 4E2C6C1C21067B5F008B9ECA /* LaunchScreen.storyboard */; };
		4EAB353D2108248B00C3C1BE /* CoreDataPersistence.swift in Sources */ = {isa = PBXBuildFile; fileRef = 4EAB353C2108248B00C3C1BE /* CoreDataPersistence.swift */; };
		4EAB35452108FCF400C3C1BE /* Pin+CoreDataClass.swift in Sources */ = {isa = PBXBuildFile; fileRef = 4EAB35432108FCF400C3C1BE /* Pin+CoreDataClass.swift */; };
		4EAB35462108FCF400C3C1BE /* Pin+CoreDataProperties.swift in Sources */ = {isa = PBXBuildFile; fileRef = 4EAB35442108FCF400C3C1BE /* Pin+CoreDataProperties.swift */; };
		4EAB354A210BBACE00C3C1BE /* PhotoAlbumCollectionViewController.swift in Sources */ = {isa = PBXBuildFile; fileRef = 4EAB3549210BBACE00C3C1BE /* PhotoAlbumCollectionViewController.swift */; };
		4EAB354D210C09D600C3C1BE /* FlickrClient.swift in Sources */ = {isa = PBXBuildFile; fileRef = 4EAB354C210C09D600C3C1BE /* FlickrClient.swift */; };
		4EAB354F210C0A2100C3C1BE /* FlickrConstants.swift in Sources */ = {isa = PBXBuildFile; fileRef = 4EAB354E210C0A2100C3C1BE /* FlickrConstants.swift */; };
		4EAB3551210C11CD00C3C1BE /* Photos.swift in Sources */ = {isa = PBXBuildFile; fileRef = 4EAB3550210C11CD00C3C1BE /* Photos.swift */; };
/* End PBXBuildFile section */

/* Begin PBXFileReference section */
		4E2C6C0D21067B5D008B9ECA /* Virtual Tourist.app */ = {isa = PBXFileReference; explicitFileType = wrapper.application; includeInIndex = 0; path = "Virtual Tourist.app"; sourceTree = BUILT_PRODUCTS_DIR; };
		4E2C6C1021067B5D008B9ECA /* AppDelegate.swift */ = {isa = PBXFileReference; lastKnownFileType = sourcecode.swift; path = AppDelegate.swift; sourceTree = "<group>"; };
		4E2C6C1221067B5D008B9ECA /* TravelLocationsMap.swift */ = {isa = PBXFileReference; lastKnownFileType = sourcecode.swift; path = TravelLocationsMap.swift; sourceTree = "<group>"; };
		4E2C6C1521067B5D008B9ECA /* Base */ = {isa = PBXFileReference; lastKnownFileType = file.storyboard; name = Base; path = Base.lproj/Main.storyboard; sourceTree = "<group>"; };
		4E2C6C1821067B5D008B9ECA /* Virtual_Tourist.xcdatamodel */ = {isa = PBXFileReference; lastKnownFileType = wrapper.xcdatamodel; path = Virtual_Tourist.xcdatamodel; sourceTree = "<group>"; };
		4E2C6C1A21067B5F008B9ECA /* Assets.xcassets */ = {isa = PBXFileReference; lastKnownFileType = folder.assetcatalog; path = Assets.xcassets; sourceTree = "<group>"; };
		4E2C6C1D21067B5F008B9ECA /* Base */ = {isa = PBXFileReference; lastKnownFileType = file.storyboard; name = Base; path = Base.lproj/LaunchScreen.storyboard; sourceTree = "<group>"; };
		4E2C6C1F21067B5F008B9ECA /* Info.plist */ = {isa = PBXFileReference; lastKnownFileType = text.plist.xml; path = Info.plist; sourceTree = "<group>"; };
		4EAB353C2108248B00C3C1BE /* CoreDataPersistence.swift */ = {isa = PBXFileReference; lastKnownFileType = sourcecode.swift; path = CoreDataPersistence.swift; sourceTree = "<group>"; };
		4EAB35432108FCF400C3C1BE /* Pin+CoreDataClass.swift */ = {isa = PBXFileReference; lastKnownFileType = sourcecode.swift; path = "Pin+CoreDataClass.swift"; sourceTree = "<group>"; };
		4EAB35442108FCF400C3C1BE /* Pin+CoreDataProperties.swift */ = {isa = PBXFileReference; lastKnownFileType = sourcecode.swift; path = "Pin+CoreDataProperties.swift"; sourceTree = "<group>"; };
		4EAB3549210BBACE00C3C1BE /* PhotoAlbumCollectionViewController.swift */ = {isa = PBXFileReference; lastKnownFileType = sourcecode.swift; path = PhotoAlbumCollectionViewController.swift; sourceTree = "<group>"; };
		4EAB354C210C09D600C3C1BE /* FlickrClient.swift */ = {isa = PBXFileReference; lastKnownFileType = sourcecode.swift; path = FlickrClient.swift; sourceTree = "<group>"; };
		4EAB354E210C0A2100C3C1BE /* FlickrConstants.swift */ = {isa = PBXFileReference; lastKnownFileType = sourcecode.swift; path = FlickrConstants.swift; sourceTree = "<group>"; };
		4EAB3550210C11CD00C3C1BE /* Photos.swift */ = {isa = PBXFileReference; lastKnownFileType = sourcecode.swift; path = Photos.swift; sourceTree = "<group>"; };
/* End PBXFileReference section */

/* Begin PBXFrameworksBuildPhase section */
		4E2C6C0A21067B5D008B9ECA /* Frameworks */ = {
			isa = PBXFrameworksBuildPhase;
			buildActionMask = 2147483647;
			files = (
			);
			runOnlyForDeploymentPostprocessing = 0;
		};
/* End PBXFrameworksBuildPhase section */

/* Begin PBXGroup section */
		4E2C6C0421067B5D008B9ECA = {
			isa = PBXGroup;
			children = (
				4E2C6C0F21067B5D008B9ECA /* Virtual Tourist */,
				4E2C6C0E21067B5D008B9ECA /* Products */,
			);
			sourceTree = "<group>";
		};
		4E2C6C0E21067B5D008B9ECA /* Products */ = {
			isa = PBXGroup;
			children = (
				4E2C6C0D21067B5D008B9ECA /* Virtual Tourist.app */,
			);
			name = Products;
			sourceTree = "<group>";
		};
		4E2C6C0F21067B5D008B9ECA /* Virtual Tourist */ = {
			isa = PBXGroup;
			children = (
				4E2C6C1021067B5D008B9ECA /* AppDelegate.swift */,
				4EAB354B210C09BD00C3C1BE /* Flickr */,
				4EAB35422108F8CC00C3C1BE /* ViewControllers */,
				4EAB353A21081A8C00C3C1BE /* Model */,
				4E2C6C1421067B5D008B9ECA /* Main.storyboard */,
				4E2C6C1A21067B5F008B9ECA /* Assets.xcassets */,
				4E2C6C1C21067B5F008B9ECA /* LaunchScreen.storyboard */,
				4E2C6C1F21067B5F008B9ECA /* Info.plist */,
			);
			path = "Virtual Tourist";
			sourceTree = "<group>";
		};
		4EAB353A21081A8C00C3C1BE /* Model */ = {
			isa = PBXGroup;
			children = (
				4EAB35432108FCF400C3C1BE /* Pin+CoreDataClass.swift */,
				4EAB35442108FCF400C3C1BE /* Pin+CoreDataProperties.swift */,
				4E2C6C1721067B5D008B9ECA /* Virtual_Tourist.xcdatamodeld */,
				4EAB353C2108248B00C3C1BE /* CoreDataPersistence.swift */,
			);
			path = Model;
			sourceTree = "<group>";
		};
		4EAB35422108F8CC00C3C1BE /* ViewControllers */ = {
			isa = PBXGroup;
			children = (
				4E2C6C1221067B5D008B9ECA /* TravelLocationsMap.swift */,
				4EAB3549210BBACE00C3C1BE /* PhotoAlbumCollectionViewController.swift */,
			);
			path = ViewControllers;
			sourceTree = "<group>";
		};
		4EAB354B210C09BD00C3C1BE /* Flickr */ = {
			isa = PBXGroup;
			children = (
				4EAB354C210C09D600C3C1BE /* FlickrClient.swift */,
				4EAB354E210C0A2100C3C1BE /* FlickrConstants.swift */,
				4EAB3550210C11CD00C3C1BE /* Photos.swift */,
			);
			path = Flickr;
			sourceTree = "<group>";
		};
/* End PBXGroup section */

/* Begin PBXNativeTarget section */
		4E2C6C0C21067B5D008B9ECA /* Virtual Tourist */ = {
			isa = PBXNativeTarget;
			buildConfigurationList = 4E2C6C2221067B5F008B9ECA /* Build configuration list for PBXNativeTarget "Virtual Tourist" */;
			buildPhases = (
				4E2C6C0921067B5D008B9ECA /* Sources */,
				4E2C6C0A21067B5D008B9ECA /* Frameworks */,
				4E2C6C0B21067B5D008B9ECA /* Resources */,
			);
			buildRules = (
			);
			dependencies = (
			);
			name = "Virtual Tourist";
			productName = "Virtual Tourist";
			productReference = 4E2C6C0D21067B5D008B9ECA /* Virtual Tourist.app */;
			productType = "com.apple.product-type.application";
		};
/* End PBXNativeTarget section */

/* Begin PBXProject section */
		4E2C6C0521067B5D008B9ECA /* Project object */ = {
			isa = PBXProject;
			attributes = {
				LastSwiftUpdateCheck = 0940;
				LastUpgradeCheck = 0940;
				ORGANIZATIONNAME = anthony;
				TargetAttributes = {
					4E2C6C0C21067B5D008B9ECA = {
						CreatedOnToolsVersion = 9.4.1;
					};
				};
			};
			buildConfigurationList = 4E2C6C0821067B5D008B9ECA /* Build configuration list for PBXProject "Virtual Tourist" */;
			compatibilityVersion = "Xcode 9.3";
			developmentRegion = en;
			hasScannedForEncodings = 0;
			knownRegions = (
				en,
				Base,
			);
			mainGroup = 4E2C6C0421067B5D008B9ECA;
			productRefGroup = 4E2C6C0E21067B5D008B9ECA /* Products */;
			projectDirPath = "";
			projectRoot = "";
			targets = (
				4E2C6C0C21067B5D008B9ECA /* Virtual Tourist */,
			);
		};
/* End PBXProject section */

/* Begin PBXResourcesBuildPhase section */
		4E2C6C0B21067B5D008B9ECA /* Resources */ = {
			isa = PBXResourcesBuildPhase;
			buildActionMask = 2147483647;
			files = (
				4E2C6C1E21067B5F008B9ECA /* LaunchScreen.storyboard in Resources */,
				4E2C6C1B21067B5F008B9ECA /* Assets.xcassets in Resources */,
				4E2C6C1621067B5D008B9ECA /* Main.storyboard in Resources */,
			);
			runOnlyForDeploymentPostprocessing = 0;
		};
/* End PBXResourcesBuildPhase section */

/* Begin PBXSourcesBuildPhase section */
		4E2C6C0921067B5D008B9ECA /* Sources */ = {
			isa = PBXSourcesBuildPhase;
			buildActionMask = 2147483647;
			files = (
				4EAB353D2108248B00C3C1BE /* CoreDataPersistence.swift in Sources */,
				4EAB354F210C0A2100C3C1BE /* FlickrConstants.swift in Sources */,
				4EAB35462108FCF400C3C1BE /* Pin+CoreDataProperties.swift in Sources */,
				4EAB35452108FCF400C3C1BE /* Pin+CoreDataClass.swift in Sources */,
				4E2C6C1321067B5D008B9ECA /* TravelLocationsMap.swift in Sources */,
				4EAB354A210BBACE00C3C1BE /* PhotoAlbumCollectionViewController.swift in Sources */,
				4E2C6C1921067B5D008B9ECA /* Virtual_Tourist.xcdatamodeld in Sources */,
				4E2C6C1121067B5D008B9ECA /* AppDelegate.swift in Sources */,
				4EAB3551210C11CD00C3C1BE /* Photos.swift in Sources */,
				4EAB354D210C09D600C3C1BE /* FlickrClient.swift in Sources */,
			);
			runOnlyForDeploymentPostprocessing = 0;
		};
/* End PBXSourcesBuildPhase section */

/* Begin PBXVariantGroup section */
		4E2C6C1421067B5D008B9ECA /* Main.storyboard */ = {
			isa = PBXVariantGroup;
			children = (
				4E2C6C1521067B5D008B9ECA /* Base */,
			);
			name = Main.storyboard;
			sourceTree = "<group>";
		};
		4E2C6C1C21067B5F008B9ECA /* LaunchScreen.storyboard */ = {
			isa = PBXVariantGroup;
			children = (
				4E2C6C1D21067B5F008B9ECA /* Base */,
			);
			name = LaunchScreen.storyboard;
			sourceTree = "<group>";
		};
/* End PBXVariantGroup section */

/* Begin XCBuildConfiguration section */
		4E2C6C2021067B5F008B9ECA /* Debug */ = {
			isa = XCBuildConfiguration;
			buildSettings = {
				ALWAYS_SEARCH_USER_PATHS = NO;
				CLANG_ANALYZER_NONNULL = YES;
				CLANG_ANALYZER_NUMBER_OBJECT_CONVERSION = YES_AGGRESSIVE;
				CLANG_CXX_LANGUAGE_STANDARD = "gnu++14";
				CLANG_CXX_LIBRARY = "libc++";
				CLANG_ENABLE_MODULES = YES;
				CLANG_ENABLE_OBJC_ARC = YES;
				CLANG_ENABLE_OBJC_WEAK = YES;
				CLANG_WARN_BLOCK_CAPTURE_AUTORELEASING = YES;
				CLANG_WARN_BOOL_CONVERSION = YES;
				CLANG_WARN_COMMA = YES;
				CLANG_WARN_CONSTANT_CONVERSION = YES;
				CLANG_WARN_DEPRECATED_OBJC_IMPLEMENTATIONS = YES;
				CLANG_WARN_DIRECT_OBJC_ISA_USAGE = YES_ERROR;
				CLANG_WARN_DOCUMENTATION_COMMENTS = YES;
				CLANG_WARN_EMPTY_BODY = YES;
				CLANG_WARN_ENUM_CONVERSION = YES;
				CLANG_WARN_INFINITE_RECURSION = YES;
				CLANG_WARN_INT_CONVERSION = YES;
				CLANG_WARN_NON_LITERAL_NULL_CONVERSION = YES;
				CLANG_WARN_OBJC_IMPLICIT_RETAIN_SELF = YES;
				CLANG_WARN_OBJC_LITERAL_CONVERSION = YES;
				CLANG_WARN_OBJC_ROOT_CLASS = YES_ERROR;
				CLANG_WARN_RANGE_LOOP_ANALYSIS = YES;
				CLANG_WARN_STRICT_PROTOTYPES = YES;
				CLANG_WARN_SUSPICIOUS_MOVE = YES;
				CLANG_WARN_UNGUARDED_AVAILABILITY = YES_AGGRESSIVE;
				CLANG_WARN_UNREACHABLE_CODE = YES;
				CLANG_WARN__DUPLICATE_METHOD_MATCH = YES;
				CODE_SIGN_IDENTITY = "iPhone Developer";
				COPY_PHASE_STRIP = NO;
				DEBUG_INFORMATION_FORMAT = dwarf;
				ENABLE_STRICT_OBJC_MSGSEND = YES;
				ENABLE_TESTABILITY = YES;
				GCC_C_LANGUAGE_STANDARD = gnu11;
				GCC_DYNAMIC_NO_PIC = NO;
				GCC_NO_COMMON_BLOCKS = YES;
				GCC_OPTIMIZATION_LEVEL = 0;
				GCC_PREPROCESSOR_DEFINITIONS = (
					"DEBUG=1",
					"$(inherited)",
				);
				GCC_WARN_64_TO_32_BIT_CONVERSION = YES;
				GCC_WARN_ABOUT_RETURN_TYPE = YES_ERROR;
				GCC_WARN_UNDECLARED_SELECTOR = YES;
				GCC_WARN_UNINITIALIZED_AUTOS = YES_AGGRESSIVE;
				GCC_WARN_UNUSED_FUNCTION = YES;
				GCC_WARN_UNUSED_VARIABLE = YES;
				IPHONEOS_DEPLOYMENT_TARGET = 11.4;
				MTL_ENABLE_DEBUG_INFO = YES;
				ONLY_ACTIVE_ARCH = YES;
				SDKROOT = iphoneos;
				SWIFT_ACTIVE_COMPILATION_CONDITIONS = DEBUG;
				SWIFT_OPTIMIZATION_LEVEL = "-Onone";
			};
			name = Debug;
		};
		4E2C6C2121067B5F008B9ECA /* Release */ = {
			isa = XCBuildConfiguration;
			buildSettings = {
				ALWAYS_SEARCH_USER_PATHS = NO;
				CLANG_ANALYZER_NONNULL = YES;
				CLANG_ANALYZER_NUMBER_OBJECT_CONVERSION = YES_AGGRESSIVE;
				CLANG_CXX_LANGUAGE_STANDARD = "gnu++14";
				CLANG_CXX_LIBRARY = "libc++";
				CLANG_ENABLE_MODULES = YES;
				CLANG_ENABLE_OBJC_ARC = YES;
				CLANG_ENABLE_OBJC_WEAK = YES;
				CLANG_WARN_BLOCK_CAPTURE_AUTORELEASING = YES;
				CLANG_WARN_BOOL_CONVERSION = YES;
				CLANG_WARN_COMMA = YES;
				CLANG_WARN_CONSTANT_CONVERSION = YES;
				CLANG_WARN_DEPRECATED_OBJC_IMPLEMENTATIONS = YES;
				CLANG_WARN_DIRECT_OBJC_ISA_USAGE = YES_ERROR;
				CLANG_WARN_DOCUMENTATION_COMMENTS = YES;
				CLANG_WARN_EMPTY_BODY = YES;
				CLANG_WARN_ENUM_CONVERSION = YES;
				CLANG_WARN_INFINITE_RECURSION = YES;
				CLANG_WARN_INT_CONVERSION = YES;
				CLANG_WARN_NON_LITERAL_NULL_CONVERSION = YES;
				CLANG_WARN_OBJC_IMPLICIT_RETAIN_SELF = YES;
				CLANG_WARN_OBJC_LITERAL_CONVERSION = YES;
				CLANG_WARN_OBJC_ROOT_CLASS = YES_ERROR;
				CLANG_WARN_RANGE_LOOP_ANALYSIS = YES;
				CLANG_WARN_STRICT_PROTOTYPES = YES;
				CLANG_WARN_SUSPICIOUS_MOVE = YES;
				CLANG_WARN_UNGUARDED_AVAILABILITY = YES_AGGRESSIVE;
				CLANG_WARN_UNREACHABLE_CODE = YES;
				CLANG_WARN__DUPLICATE_METHOD_MATCH = YES;
				CODE_SIGN_IDENTITY = "iPhone Developer";
				COPY_PHASE_STRIP = NO;
				DEBUG_INFORMATION_FORMAT = "dwarf-with-dsym";
				ENABLE_NS_ASSERTIONS = NO;
				ENABLE_STRICT_OBJC_MSGSEND = YES;
				GCC_C_LANGUAGE_STANDARD = gnu11;
				GCC_NO_COMMON_BLOCKS = YES;
				GCC_WARN_64_TO_32_BIT_CONVERSION = YES;
				GCC_WARN_ABOUT_RETURN_TYPE = YES_ERROR;
				GCC_WARN_UNDECLARED_SELECTOR = YES;
				GCC_WARN_UNINITIALIZED_AUTOS = YES_AGGRESSIVE;
				GCC_WARN_UNUSED_FUNCTION = YES;
				GCC_WARN_UNUSED_VARIABLE = YES;
				IPHONEOS_DEPLOYMENT_TARGET = 11.4;
				MTL_ENABLE_DEBUG_INFO = NO;
				SDKROOT = iphoneos;
				SWIFT_COMPILATION_MODE = wholemodule;
				SWIFT_OPTIMIZATION_LEVEL = "-O";
				VALIDATE_PRODUCT = YES;
			};
			name = Release;
		};
		4E2C6C2321067B5F008B9ECA /* Debug */ = {
			isa = XCBuildConfiguration;
			buildSettings = {
				ASSETCATALOG_COMPILER_APPICON_NAME = AppIcon;
				CODE_SIGN_STYLE = Automatic;
				DEVELOPMENT_TEAM = PYK34TKJT5;
				INFOPLIST_FILE = "Virtual Tourist/Info.plist";
				LD_RUNPATH_SEARCH_PATHS = (
					"$(inherited)",
					"@executable_path/Frameworks",
				);
				PRODUCT_BUNDLE_IDENTIFIER = "anthony.Virtual-Tourist";
				PRODUCT_NAME = "$(TARGET_NAME)";
				SWIFT_VERSION = 4.0;
				TARGETED_DEVICE_FAMILY = "1,2";
			};
			name = Debug;
		};
		4E2C6C2421067B5F008B9ECA /* Release */ = {
			isa = XCBuildConfiguration;
			buildSettings = {
				ASSETCATALOG_COMPILER_APPICON_NAME = AppIcon;
				CODE_SIGN_STYLE = Automatic;
				DEVELOPMENT_TEAM = PYK34TKJT5;
				INFOPLIST_FILE = "Virtual Tourist/Info.plist";
				LD_RUNPATH_SEARCH_PATHS = (
					"$(inherited)",
					"@executable_path/Frameworks",
				);
				PRODUCT_BUNDLE_IDENTIFIER = "anthony.Virtual-Tourist";
				PRODUCT_NAME = "$(TARGET_NAME)";
				SWIFT_VERSION = 4.0;
				TARGETED_DEVICE_FAMILY = "1,2";
			};
			name = Release;
		};
/* End XCBuildConfiguration section */

/* Begin XCConfigurationList section */
		4E2C6C0821067B5D008B9ECA /* Build configuration list for PBXProject "Virtual Tourist" */ = {
			isa = XCConfigurationList;
			buildConfigurations = (
				4E2C6C2021067B5F008B9ECA /* Debug */,
				4E2C6C2121067B5F008B9ECA /* Release */,
			);
			defaultConfigurationIsVisible = 0;
			defaultConfigurationName = Release;
		};
		4E2C6C2221067B5F008B9ECA /* Build configuration list for PBXNativeTarget "Virtual Tourist" */ = {
			isa = XCConfigurationList;
			buildConfigurations = (
				4E2C6C2321067B5F008B9ECA /* Debug */,
				4E2C6C2421067B5F008B9ECA /* Release */,
			);
			defaultConfigurationIsVisible = 0;
			defaultConfigurationName = Release;
		};
/* End XCConfigurationList section */

/* Begin XCVersionGroup section */
		4E2C6C1721067B5D008B9ECA /* Virtual_Tourist.xcdatamodeld */ = {
			isa = XCVersionGroup;
			children = (
				4E2C6C1821067B5D008B9ECA /* Virtual_Tourist.xcdatamodel */,
			);
			currentVersion = 4E2C6C1821067B5D008B9ECA /* Virtual_Tourist.xcdatamodel */;
			path = Virtual_Tourist.xcdatamodeld;
			sourceTree = "<group>";
			versionGroupType = wrapper.xcdatamodel;
		};
/* End XCVersionGroup section */
	};
	rootObject = 4E2C6C0521067B5D008B9ECA /* Project object */;
}
